
Microsoft Visual Studio Solution File, Format Version 12.00
# Visual Studio 2015
Project("{FAE04EC0-301F-11D3-BF4B-00C04F79EFBC}") = "NavMeshSystem", "NavMeshSystem.csproj", "{FC80FCE0-E765-293A-3A75-7CCA252BE888}"
EndProject
Project("{FAE04EC0-301F-11D3-BF4B-00C04F79EFBC}") = "NavMeshSystem.Editor", "NavMeshSystem.Editor.csproj", "{C189BD7F-A852-411D-B7F7-299EDD17FC1E}"
EndProject
Global
	GlobalSection(SolutionConfigurationPlatforms) = preSolution
		Debug|Any CPU = Debug|Any CPU
		Release|Any CPU = Release|Any CPU
	EndGlobalSection
	GlobalSection(ProjectConfigurationPlatforms) = postSolution
		{FC80FCE0-E765-293A-3A75-7CCA252BE888}.Debug|Any CPU.ActiveCfg = Debug|Any CPU
		{FC80FCE0-E765-293A-3A75-7CCA252BE888}.Debug|Any CPU.Build.0 = Debug|Any CPU
		{FC80FCE0-E765-293A-3A75-7CCA252BE888}.Release|Any CPU.ActiveCfg = Release|Any CPU
		{FC80FCE0-E765-293A-3A75-7CCA252BE888}.Release|Any CPU.Build.0 = Release|Any CPU
		{C189BD7F-A852-411D-B7F7-299EDD17FC1E}.Debug|Any CPU.ActiveCfg = Debug|Any CPU
		{C189BD7F-A852-411D-B7F7-299EDD17FC1E}.Debug|Any CPU.Build.0 = Debug|Any CPU
		{C189BD7F-A852-411D-B7F7-299EDD17FC1E}.Release|Any CPU.ActiveCfg = Release|Any CPU
		{C189BD7F-A852-411D-B7F7-299EDD17FC1E}.Release|Any CPU.Build.0 = Release|Any CPU
	EndGlobalSection
	GlobalSection(SolutionProperties) = preSolution
		HideSolutionNode = FALSE
	EndGlobalSection
EndGlobal
